
Microsoft Visual Studio Solution File, Format Version 12.00
# Visual Studio Version 17
VisualStudioVersion = 17.6.33801.468
MinimumVisualStudioVersion = 10.0.40219.1
Project("{9A19103F-16F7-4668-BE54-9A1E7A4F7556}") = "CSharpLox", "CSharpLox\CSharpLox.csproj", "{1A8F680D-0D61-41FC-B3E8-69B8171920DF}"
EndProject
Project("{FAE04EC0-301F-11D3-BF4B-00C04F79EFBC}") = "Tool", "Tool\Tool.csproj", "{A73F745F-8A61-48EA-8471-74F63A1DA8CD}"
EndProject
Project("{FAE04EC0-301F-11D3-BF4B-00C04F79EFBC}") = "AstPrinter", "AstPrinter\AstPrinter.csproj", "{31F64701-F1E5-46AF-AC43-689834354273}"
EndProject
Global
	GlobalSection(SolutionConfigurationPlatforms) = preSolution
		Debug|Any CPU = Debug|Any CPU
		Release|Any CPU = Release|Any CPU
	EndGlobalSection
	GlobalSection(ProjectConfigurationPlatforms) = postSolution
		{1A8F680D-0D61-41FC-B3E8-69B8171920DF}.Debug|Any CPU.ActiveCfg = Debug|Any CPU
		{1A8F680D-0D61-41FC-B3E8-69B8171920DF}.Debug|Any CPU.Build.0 = Debug|Any CPU
		{1A8F680D-0D61-41FC-B3E8-69B8171920DF}.Release|Any CPU.ActiveCfg = Release|Any CPU
		{1A8F680D-0D61-41FC-B3E8-69B8171920DF}.Release|Any CPU.Build.0 = Release|Any CPU
		{A73F745F-8A61-48EA-8471-74F63A1DA8CD}.Debug|Any CPU.ActiveCfg = Debug|Any CPU
		{A73F745F-8A61-48EA-8471-74F63A1DA8CD}.Debug|Any CPU.Build.0 = Debug|Any CPU
		{A73F745F-8A61-48EA-8471-74F63A1DA8CD}.Release|Any CPU.ActiveCfg = Release|Any CPU
		{A73F745F-8A61-48EA-8471-74F63A1DA8CD}.Release|Any CPU.Build.0 = Release|Any CPU
		{31F64701-F1E5-46AF-AC43-689834354273}.Debug|Any CPU.ActiveCfg = Debug|Any CPU
		{31F64701-F1E5-46AF-AC43-689834354273}.Debug|Any CPU.Build.0 = Debug|Any CPU
		{31F64701-F1E5-46AF-AC43-689834354273}.Release|Any CPU.ActiveCfg = Release|Any CPU
		{31F64701-F1E5-46AF-AC43-689834354273}.Release|Any CPU.Build.0 = Release|Any CPU
	EndGlobalSection
	GlobalSection(SolutionProperties) = preSolution
		HideSolutionNode = FALSE
	EndGlobalSection
	GlobalSection(ExtensibilityGlobals) = postSolution
		SolutionGuid = {A53E9ED3-1F29-45BB-9B5C-0C321CE72E00}
	EndGlobalSection
EndGlobal
